
Microsoft Visual Studio Solution File, Format Version 12.00
# Visual Studio Version 17
VisualStudioVersion = 17.0.31903.59
MinimumVisualStudioVersion = 10.0.40219.1
Project("{FAE04EC0-301F-11D3-BF4B-00C04F79EFBC}") = "TaskExamples", "TaskExamples\TaskExamples.csproj", "{BC174339-B772-47C1-9F06-23968E756923}"
EndProject
Global
	GlobalSection(SolutionConfigurationPlatforms) = preSolution
		Debug|Any CPU = Debug|Any CPU
		Release|Any CPU = Release|Any CPU
	EndGlobalSection
	GlobalSection(ProjectConfigurationPlatforms) = postSolution
		{BC174339-B772-47C1-9F06-23968E756923}.Debug|Any CPU.ActiveCfg = Debug|Any CPU
		{BC174339-B772-47C1-9F06-23968E756923}.Debug|Any CPU.Build.0 = Debug|Any CPU
		{BC174339-B772-47C1-9F06-23968E756923}.Release|Any CPU.ActiveCfg = Release|Any CPU
		{BC174339-B772-47C1-9F06-23968E756923}.Release|Any CPU.Build.0 = Release|Any CPU
	EndGlobalSection
	GlobalSection(SolutionProperties) = preSolution
		HideSolutionNode = FALSE
	EndGlobalSection
	GlobalSection(ExtensibilityGlobals) = postSolution
		SolutionGuid = {E915D93E-B976-4AEA-8894-50F7D1E45F54}
	EndGlobalSection
EndGlobal
